
Microsoft Visual Studio Solution File, Format Version 12.00
# Visual Studio Version 16
VisualStudioVersion = 16.0.30204.135
MinimumVisualStudioVersion = 10.0.40219.1
Project("{FAE04EC0-301F-11D3-BF4B-00C04F79EFBC}") = "SynonymAPI", "SynonymAPI\SynonymAPI.csproj", "{2739FF52-3257-4F3E-A4EE-80462C363039}"
EndProject
Global
	GlobalSection(SolutionConfigurationPlatforms) = preSolution
		Debug|Any CPU = Debug|Any CPU
		Release|Any CPU = Release|Any CPU
	EndGlobalSection
	GlobalSection(ProjectConfigurationPlatforms) = postSolution
		{2739FF52-3257-4F3E-A4EE-80462C363039}.Debug|Any CPU.ActiveCfg = Debug|Any CPU
		{2739FF52-3257-4F3E-A4EE-80462C363039}.Debug|Any CPU.Build.0 = Debug|Any CPU
		{2739FF52-3257-4F3E-A4EE-80462C363039}.Release|Any CPU.ActiveCfg = Release|Any CPU
		{2739FF52-3257-4F3E-A4EE-80462C363039}.Release|Any CPU.Build.0 = Release|Any CPU
	EndGlobalSection
	GlobalSection(SolutionProperties) = preSolution
		HideSolutionNode = FALSE
	EndGlobalSection
	GlobalSection(ExtensibilityGlobals) = postSolution
		SolutionGuid = {2140B060-59EA-4A20-96BE-9B197954443D}
	EndGlobalSection
EndGlobal
